
Microsoft Visual Studio Solution File, Format Version 12.00
# Visual Studio Version 17
VisualStudioVersion = 17.5.002.0
MinimumVisualStudioVersion = 10.0.40219.1
Project("{9A19103F-16F7-4668-BE54-9A1E7A4F7556}") = "BoothDownloader", "BoothDownloader.csproj", "{0C9F2448-D3EF-4AA0-9BC3-8ED96D7FDB0B}"
EndProject
Global
	GlobalSection(SolutionConfigurationPlatforms) = preSolution
		Debug|Any CPU = Debug|Any CPU
		Release|Any CPU = Release|Any CPU
	EndGlobalSection
	GlobalSection(ProjectConfigurationPlatforms) = postSolution
		{0C9F2448-D3EF-4AA0-9BC3-8ED96D7FDB0B}.Debug|Any CPU.ActiveCfg = Debug|Any CPU
		{0C9F2448-D3EF-4AA0-9BC3-8ED96D7FDB0B}.Debug|Any CPU.Build.0 = Debug|Any CPU
		{0C9F2448-D3EF-4AA0-9BC3-8ED96D7FDB0B}.Release|Any CPU.ActiveCfg = Release|Any CPU
		{0C9F2448-D3EF-4AA0-9BC3-8ED96D7FDB0B}.Release|Any CPU.Build.0 = Release|Any CPU
	EndGlobalSection
	GlobalSection(SolutionProperties) = preSolution
		HideSolutionNode = FALSE
	EndGlobalSection
	GlobalSection(ExtensibilityGlobals) = postSolution
		SolutionGuid = {E027DC4C-2D23-4E75-81FA-C7ADEAFCC63F}
	EndGlobalSection
EndGlobal
